
Microsoft Visual Studio Solution File, Format Version 12.00
# Visual Studio Version 17
VisualStudioVersion = 17.14.36414.22 d17.14
MinimumVisualStudioVersion = 10.0.40219.1
Project("{FAE04EC0-301F-11D3-BF4B-00C04F79EFBC}") = "2D Collision Detection", "2D Collision Detection\2D Collision Detection.csproj", "{F90DA143-0785-4EAC-9098-961EC3F30A38}"
EndProject
Global
	GlobalSection(SolutionConfigurationPlatforms) = preSolution
		Debug|Any CPU = Debug|Any CPU
		Release|Any CPU = Release|Any CPU
	EndGlobalSection
	GlobalSection(ProjectConfigurationPlatforms) = postSolution
		{F90DA143-0785-4EAC-9098-961EC3F30A38}.Debug|Any CPU.ActiveCfg = Debug|Any CPU
		{F90DA143-0785-4EAC-9098-961EC3F30A38}.Debug|Any CPU.Build.0 = Debug|Any CPU
		{F90DA143-0785-4EAC-9098-961EC3F30A38}.Release|Any CPU.ActiveCfg = Release|Any CPU
		{F90DA143-0785-4EAC-9098-961EC3F30A38}.Release|Any CPU.Build.0 = Release|Any CPU
	EndGlobalSection
	GlobalSection(SolutionProperties) = preSolution
		HideSolutionNode = FALSE
	EndGlobalSection
	GlobalSection(ExtensibilityGlobals) = postSolution
		SolutionGuid = {3CF86E8A-58BD-4904-BC1A-3D32DCD3CDF6}
	EndGlobalSection
EndGlobal
