
Microsoft Visual Studio Solution File, Format Version 12.00
# Visual Studio Version 17
VisualStudioVersion = 17.14.36414.22 d17.14
MinimumVisualStudioVersion = 10.0.40219.1
Project("{FAE04EC0-301F-11D3-BF4B-00C04F79EFBC}") = "Assignment6", "Assignment6\Assignment6.csproj", "{D27D05BF-F784-4FD4-9078-5B7BD7538CBE}"
EndProject
Global
	GlobalSection(SolutionConfigurationPlatforms) = preSolution
		Debug|Any CPU = Debug|Any CPU
		Release|Any CPU = Release|Any CPU
	EndGlobalSection
	GlobalSection(ProjectConfigurationPlatforms) = postSolution
		{D27D05BF-F784-4FD4-9078-5B7BD7538CBE}.Debug|Any CPU.ActiveCfg = Debug|Any CPU
		{D27D05BF-F784-4FD4-9078-5B7BD7538CBE}.Debug|Any CPU.Build.0 = Debug|Any CPU
		{D27D05BF-F784-4FD4-9078-5B7BD7538CBE}.Release|Any CPU.ActiveCfg = Release|Any CPU
		{D27D05BF-F784-4FD4-9078-5B7BD7538CBE}.Release|Any CPU.Build.0 = Release|Any CPU
	EndGlobalSection
	GlobalSection(SolutionProperties) = preSolution
		HideSolutionNode = FALSE
	EndGlobalSection
	GlobalSection(ExtensibilityGlobals) = postSolution
		SolutionGuid = {37E7A590-1381-4924-81EC-4C7F8EDAD283}
	EndGlobalSection
EndGlobal
