
Microsoft Visual Studio Solution File, Format Version 12.00
# Visual Studio Version 17
VisualStudioVersion = 17.14.36414.22 d17.14
MinimumVisualStudioVersion = 10.0.40219.1
Project("{FAE04EC0-301F-11D3-BF4B-00C04F79EFBC}") = "Assignment1 - New", "Assignment1 - New\Assignment1 - New.csproj", "{4F067786-B841-4E6C-B65A-7B5532BCF042}"
EndProject
Global
	GlobalSection(SolutionConfigurationPlatforms) = preSolution
		Debug|Any CPU = Debug|Any CPU
		Release|Any CPU = Release|Any CPU
	EndGlobalSection
	GlobalSection(ProjectConfigurationPlatforms) = postSolution
		{4F067786-B841-4E6C-B65A-7B5532BCF042}.Debug|Any CPU.ActiveCfg = Debug|Any CPU
		{4F067786-B841-4E6C-B65A-7B5532BCF042}.Debug|Any CPU.Build.0 = Debug|Any CPU
		{4F067786-B841-4E6C-B65A-7B5532BCF042}.Release|Any CPU.ActiveCfg = Release|Any CPU
		{4F067786-B841-4E6C-B65A-7B5532BCF042}.Release|Any CPU.Build.0 = Release|Any CPU
	EndGlobalSection
	GlobalSection(SolutionProperties) = preSolution
		HideSolutionNode = FALSE
	EndGlobalSection
	GlobalSection(ExtensibilityGlobals) = postSolution
		SolutionGuid = {6D577E6A-B824-4B81-AA6D-DA51D8AC9AB9}
	EndGlobalSection
EndGlobal
